
Microsoft Visual Studio Solution File, Format Version 12.00
# Visual Studio Version 16
VisualStudioVersion = 16.0.29123.88
MinimumVisualStudioVersion = 10.0.40219.1
Project("{FAE04EC0-301F-11D3-BF4B-00C04F79EFBC}") = "BaiTap", "BaiTap\BaiTap.csproj", "{D17D7F56-9550-47C4-ADA3-4C23F71CF24A}"
EndProject
Global
	GlobalSection(SolutionConfigurationPlatforms) = preSolution
		Debug|Any CPU = Debug|Any CPU
		Release|Any CPU = Release|Any CPU
	EndGlobalSection
	GlobalSection(ProjectConfigurationPlatforms) = postSolution
		{D17D7F56-9550-47C4-ADA3-4C23F71CF24A}.Debug|Any CPU.ActiveCfg = Debug|Any CPU
		{D17D7F56-9550-47C4-ADA3-4C23F71CF24A}.Debug|Any CPU.Build.0 = Debug|Any CPU
		{D17D7F56-9550-47C4-ADA3-4C23F71CF24A}.Release|Any CPU.ActiveCfg = Release|Any CPU
		{D17D7F56-9550-47C4-ADA3-4C23F71CF24A}.Release|Any CPU.Build.0 = Release|Any CPU
	EndGlobalSection
	GlobalSection(SolutionProperties) = preSolution
		HideSolutionNode = FALSE
	EndGlobalSection
	GlobalSection(ExtensibilityGlobals) = postSolution
		SolutionGuid = {3C2694D7-213C-4A28-8253-4A68D5281178}
	EndGlobalSection
EndGlobal
